// !$*UTF8*$!
{
	archiveVersion = 1;
	classes = {
	};
	objectVersion = 56;
	objects = {

/* Begin PBXBuildFile section */
		823408D828C7576B00CDE497 /* StatisticView.swift in Sources */ = {isa = PBXBuildFile; fileRef = 823408D728C7576B00CDE497 /* StatisticView.swift */; };
		823408DA28C7607D00CDE497 /* HomeStatsView.swift in Sources */ = {isa = PBXBuildFile; fileRef = 823408D928C7607D00CDE497 /* HomeStatsView.swift */; };
		823408DC28C770ED00CDE497 /* MarketDataService.swift in Sources */ = {isa = PBXBuildFile; fileRef = 823408DB28C770ED00CDE497 /* MarketDataService.swift */; };
		8267307228993C2700400FAA /* HomeView.swift in Sources */ = {isa = PBXBuildFile; fileRef = 8267307128993C2700400FAA /* HomeView.swift */; };
		8267307628993DB000400FAA /* CircleButtonView.swift in Sources */ = {isa = PBXBuildFile; fileRef = 8267307528993DB000400FAA /* CircleButtonView.swift */; };
		827635B9289A7944009D1B77 /* NetworkManager.swift in Sources */ = {isa = PBXBuildFile; fileRef = 827635B8289A7943009D1B77 /* NetworkManager.swift */; };
		827C9FAD2899499E0009FD32 /* CircleButtonAnimationView.swift in Sources */ = {isa = PBXBuildFile; fileRef = 827C9FAC2899499E0009FD32 /* CircleButtonAnimationView.swift */; };
		827C9FB528994EE20009FD32 /* CoinModel.swift in Sources */ = {isa = PBXBuildFile; fileRef = 827C9FAF28994EE20009FD32 /* CoinModel.swift */; };
		827C9FB628994EE20009FD32 /* MarketDataModel.swift in Sources */ = {isa = PBXBuildFile; fileRef = 827C9FB028994EE20009FD32 /* MarketDataModel.swift */; };
		827C9FB728994EE20009FD32 /* PortfolioContainer.xcdatamodeld in Sources */ = {isa = PBXBuildFile; fileRef = 827C9FB128994EE20009FD32 /* PortfolioContainer.xcdatamodeld */; };
		827C9FB828994EE20009FD32 /* StatisticModel.swift in Sources */ = {isa = PBXBuildFile; fileRef = 827C9FB328994EE20009FD32 /* StatisticModel.swift */; };
		827C9FB928994EE20009FD32 /* CoinDetailModel.swift in Sources */ = {isa = PBXBuildFile; fileRef = 827C9FB428994EE20009FD32 /* CoinDetailModel.swift */; };
		827C9FBB28996AFF0009FD32 /* CoinRowView.swift in Sources */ = {isa = PBXBuildFile; fileRef = 827C9FBA28996AFF0009FD32 /* CoinRowView.swift */; };
		827C9FBD28996BDE0009FD32 /* PreviewProvider.swift in Sources */ = {isa = PBXBuildFile; fileRef = 827C9FBC28996BDE0009FD32 /* PreviewProvider.swift */; };
		827C9FBF289972580009FD32 /* Double.swift in Sources */ = {isa = PBXBuildFile; fileRef = 827C9FBE289972580009FD32 /* Double.swift */; };
		828DCEA52AB083E000937D2A /* Launch Screen.storyboard in Resources */ = {isa = PBXBuildFile; fileRef = 828DCEA42AB083E000937D2A /* Launch Screen.storyboard */; };
		828DCEA72AB0901B00937D2A /* LaunchView.swift in Sources */ = {isa = PBXBuildFile; fileRef = 828DCEA62AB0901B00937D2A /* LaunchView.swift */; };
		82B25A182AB3080F0086715C /* DetailView.swift in Sources */ = {isa = PBXBuildFile; fileRef = 82B25A172AB3080F0086715C /* DetailView.swift */; };
		82B25A1A2AB332F60086715C /* DetailViewModel.swift in Sources */ = {isa = PBXBuildFile; fileRef = 82B25A192AB332F60086715C /* DetailViewModel.swift */; };
		82B25A1C2AB3332E0086715C /* CoinDetailService.swift in Sources */ = {isa = PBXBuildFile; fileRef = 82B25A1B2AB3332E0086715C /* CoinDetailService.swift */; };
		82BD573B28CF510F0059981E /* CoinLogoView.swift in Sources */ = {isa = PBXBuildFile; fileRef = 82BD573A28CF510F0059981E /* CoinLogoView.swift */; };
		82BDD8892AB8932B007C8EDA /* ChartView.swift in Sources */ = {isa = PBXBuildFile; fileRef = 82BDD8882AB8932B007C8EDA /* ChartView.swift */; };
		82C1A88A289928AB00ADF58A /* SwiftCryptoTrackerApp.swift in Sources */ = {isa = PBXBuildFile; fileRef = 82C1A889289928AB00ADF58A /* SwiftCryptoTrackerApp.swift */; };
		82C1A88C289928AB00ADF58A /* ContentView.swift in Sources */ = {isa = PBXBuildFile; fileRef = 82C1A88B289928AB00ADF58A /* ContentView.swift */; };
		82C1A891289928AC00ADF58A /* Preview Assets.xcassets in Resources */ = {isa = PBXBuildFile; fileRef = 82C1A890289928AC00ADF58A /* Preview Assets.xcassets */; };
		82C1A8D828992E0D00ADF58A /* Contents.json in Resources */ = {isa = PBXBuildFile; fileRef = 82C1A8D728992E0D00ADF58A /* Contents.json */; };
		82C1A8DE289930B000ADF58A /* Assets.xcassets in Resources */ = {isa = PBXBuildFile; fileRef = 82C1A8DD289930B000ADF58A /* Assets.xcassets */; };
		82C1A8E22899310E00ADF58A /* Color.swift in Sources */ = {isa = PBXBuildFile; fileRef = 82C1A8E12899310E00ADF58A /* Color.swift */; };
		82D7E74C28BE1663005A6999 /* SearchBarView.swift in Sources */ = {isa = PBXBuildFile; fileRef = 82D7E74B28BE1663005A6999 /* SearchBarView.swift */; };
		82E2021B289A5CA40023C99A /* HomeViewModel.swift in Sources */ = {isa = PBXBuildFile; fileRef = 82E2021A289A5CA40023C99A /* HomeViewModel.swift */; };
		82E2021E289A68FC0023C99A /* CoinDataService.swift in Sources */ = {isa = PBXBuildFile; fileRef = 82E2021D289A68FC0023C99A /* CoinDataService.swift */; };
		82E63358289A97F6004E4E42 /* CoinImageView.swift in Sources */ = {isa = PBXBuildFile; fileRef = 82E63357289A97F6004E4E42 /* CoinImageView.swift */; };
		82E6335A289AAF35004E4E42 /* CoinImageService.swift in Sources */ = {isa = PBXBuildFile; fileRef = 82E63359289AAF35004E4E42 /* CoinImageService.swift */; };
		82E6335C289AB321004E4E42 /* CoinImageViewModel.swift in Sources */ = {isa = PBXBuildFile; fileRef = 82E6335B289AB321004E4E42 /* CoinImageViewModel.swift */; };
		82E6335E289ABB33004E4E42 /* LocalFileManager.swift in Sources */ = {isa = PBXBuildFile; fileRef = 82E6335D289ABB33004E4E42 /* LocalFileManager.swift */; };
		82F61EA02AB9B0FF00B45DB8 /* Date.swift in Sources */ = {isa = PBXBuildFile; fileRef = 82F61E9F2AB9B0FF00B45DB8 /* Date.swift */; };
		82F61EA22AB9CC5E00B45DB8 /* PortfolioDataService.swift in Sources */ = {isa = PBXBuildFile; fileRef = 82F61EA12AB9CC5E00B45DB8 /* PortfolioDataService.swift */; };
		82FC184F28C8A221009C3908 /* PortfolioView.swift in Sources */ = {isa = PBXBuildFile; fileRef = 82FC184E28C8A221009C3908 /* PortfolioView.swift */; };
		82FC185128C8A987009C3908 /* XMarkButton.swift in Sources */ = {isa = PBXBuildFile; fileRef = 82FC185028C8A987009C3908 /* XMarkButton.swift */; };
/* End PBXBuildFile section */

/* Begin PBXFileReference section */
		823408D728C7576B00CDE497 /* StatisticView.swift */ = {isa = PBXFileReference; lastKnownFileType = sourcecode.swift; path = StatisticView.swift; sourceTree = "<group>"; };
		823408D928C7607D00CDE497 /* HomeStatsView.swift */ = {isa = PBXFileReference; lastKnownFileType = sourcecode.swift; path = HomeStatsView.swift; sourceTree = "<group>"; };
		823408DB28C770ED00CDE497 /* MarketDataService.swift */ = {isa = PBXFileReference; lastKnownFileType = sourcecode.swift; path = MarketDataService.swift; sourceTree = "<group>"; };
		8267307128993C2700400FAA /* HomeView.swift */ = {isa = PBXFileReference; lastKnownFileType = sourcecode.swift; path = HomeView.swift; sourceTree = "<group>"; };
		8267307528993DB000400FAA /* CircleButtonView.swift */ = {isa = PBXFileReference; lastKnownFileType = sourcecode.swift; path = CircleButtonView.swift; sourceTree = "<group>"; };
		827635B8289A7943009D1B77 /* NetworkManager.swift */ = {isa = PBXFileReference; lastKnownFileType = sourcecode.swift; path = NetworkManager.swift; sourceTree = "<group>"; };
		827C9FAC2899499E0009FD32 /* CircleButtonAnimationView.swift */ = {isa = PBXFileReference; lastKnownFileType = sourcecode.swift; path = CircleButtonAnimationView.swift; sourceTree = "<group>"; };
		827C9FAF28994EE20009FD32 /* CoinModel.swift */ = {isa = PBXFileReference; fileEncoding = 4; lastKnownFileType = sourcecode.swift; path = CoinModel.swift; sourceTree = "<group>"; };
		827C9FB028994EE20009FD32 /* MarketDataModel.swift */ = {isa = PBXFileReference; fileEncoding = 4; lastKnownFileType = sourcecode.swift; path = MarketDataModel.swift; sourceTree = "<group>"; };
		827C9FB228994EE20009FD32 /* PortfolioContainer.xcdatamodel */ = {isa = PBXFileReference; lastKnownFileType = wrapper.xcdatamodel; path = PortfolioContainer.xcdatamodel; sourceTree = "<group>"; };
		827C9FB328994EE20009FD32 /* StatisticModel.swift */ = {isa = PBXFileReference; fileEncoding = 4; lastKnownFileType = sourcecode.swift; path = StatisticModel.swift; sourceTree = "<group>"; };
		827C9FB428994EE20009FD32 /* CoinDetailModel.swift */ = {isa = PBXFileReference; fileEncoding = 4; lastKnownFileType = sourcecode.swift; path = CoinDetailModel.swift; sourceTree = "<group>"; };
		827C9FBA28996AFF0009FD32 /* CoinRowView.swift */ = {isa = PBXFileReference; lastKnownFileType = sourcecode.swift; path = CoinRowView.swift; sourceTree = "<group>"; };
		827C9FBC28996BDE0009FD32 /* PreviewProvider.swift */ = {isa = PBXFileReference; fileEncoding = 4; lastKnownFileType = sourcecode.swift; path = PreviewProvider.swift; sourceTree = "<group>"; };
		827C9FBE289972580009FD32 /* Double.swift */ = {isa = PBXFileReference; fileEncoding = 4; lastKnownFileType = sourcecode.swift; path = Double.swift; sourceTree = "<group>"; };
		828DCEA12AB0786800937D2A /* Info.plist */ = {isa = PBXFileReference; lastKnownFileType = text.plist; path = Info.plist; sourceTree = "<group>"; };
		828DCEA42AB083E000937D2A /* Launch Screen.storyboard */ = {isa = PBXFileReference; lastKnownFileType = file.storyboard; path = "Launch Screen.storyboard"; sourceTree = "<group>"; };
		828DCEA62AB0901B00937D2A /* LaunchView.swift */ = {isa = PBXFileReference; lastKnownFileType = sourcecode.swift; path = LaunchView.swift; sourceTree = "<group>"; };
		82B25A172AB3080F0086715C /* DetailView.swift */ = {isa = PBXFileReference; lastKnownFileType = sourcecode.swift; path = DetailView.swift; sourceTree = "<group>"; };
		82B25A192AB332F60086715C /* DetailViewModel.swift */ = {isa = PBXFileReference; lastKnownFileType = sourcecode.swift; path = DetailViewModel.swift; sourceTree = "<group>"; };
		82B25A1B2AB3332E0086715C /* CoinDetailService.swift */ = {isa = PBXFileReference; lastKnownFileType = sourcecode.swift; path = CoinDetailService.swift; sourceTree = "<group>"; };
		82BD573A28CF510F0059981E /* CoinLogoView.swift */ = {isa = PBXFileReference; lastKnownFileType = sourcecode.swift; path = CoinLogoView.swift; sourceTree = "<group>"; };
		82BDD8882AB8932B007C8EDA /* ChartView.swift */ = {isa = PBXFileReference; lastKnownFileType = sourcecode.swift; path = ChartView.swift; sourceTree = "<group>"; };
		82C1A886289928AB00ADF58A /* SwiftCryptoTracker.app */ = {isa = PBXFileReference; explicitFileType = wrapper.application; includeInIndex = 0; path = SwiftCryptoTracker.app; sourceTree = BUILT_PRODUCTS_DIR; };
		82C1A889289928AB00ADF58A /* SwiftCryptoTrackerApp.swift */ = {isa = PBXFileReference; lastKnownFileType = sourcecode.swift; path = SwiftCryptoTrackerApp.swift; sourceTree = "<group>"; };
		82C1A88B289928AB00ADF58A /* ContentView.swift */ = {isa = PBXFileReference; lastKnownFileType = sourcecode.swift; path = ContentView.swift; sourceTree = "<group>"; };
		82C1A890289928AC00ADF58A /* Preview Assets.xcassets */ = {isa = PBXFileReference; lastKnownFileType = folder.assetcatalog; path = "Preview Assets.xcassets"; sourceTree = "<group>"; };
		82C1A8D728992E0D00ADF58A /* Contents.json */ = {isa = PBXFileReference; fileEncoding = 4; lastKnownFileType = text.json; path = Contents.json; sourceTree = "<group>"; };
		82C1A8DD289930B000ADF58A /* Assets.xcassets */ = {isa = PBXFileReference; lastKnownFileType = folder.assetcatalog; path = Assets.xcassets; sourceTree = "<group>"; };
		82C1A8E12899310E00ADF58A /* Color.swift */ = {isa = PBXFileReference; lastKnownFileType = sourcecode.swift; path = Color.swift; sourceTree = "<group>"; };
		82D7E74B28BE1663005A6999 /* SearchBarView.swift */ = {isa = PBXFileReference; lastKnownFileType = sourcecode.swift; path = SearchBarView.swift; sourceTree = "<group>"; };
		82E2021A289A5CA40023C99A /* HomeViewModel.swift */ = {isa = PBXFileReference; lastKnownFileType = sourcecode.swift; path = HomeViewModel.swift; sourceTree = "<group>"; };
		82E2021D289A68FC0023C99A /* CoinDataService.swift */ = {isa = PBXFileReference; lastKnownFileType = sourcecode.swift; path = CoinDataService.swift; sourceTree = "<group>"; };
		82E63357289A97F6004E4E42 /* CoinImageView.swift */ = {isa = PBXFileReference; lastKnownFileType = sourcecode.swift; path = CoinImageView.swift; sourceTree = "<group>"; };
		82E63359289AAF35004E4E42 /* CoinImageService.swift */ = {isa = PBXFileReference; lastKnownFileType = sourcecode.swift; path = CoinImageService.swift; sourceTree = "<group>"; };
		82E6335B289AB321004E4E42 /* CoinImageViewModel.swift */ = {isa = PBXFileReference; lastKnownFileType = sourcecode.swift; path = CoinImageViewModel.swift; sourceTree = "<group>"; };
		82E6335D289ABB33004E4E42 /* LocalFileManager.swift */ = {isa = PBXFileReference; lastKnownFileType = sourcecode.swift; path = LocalFileManager.swift; sourceTree = "<group>"; };
		82F61E9F2AB9B0FF00B45DB8 /* Date.swift */ = {isa = PBXFileReference; lastKnownFileType = sourcecode.swift; path = Date.swift; sourceTree = "<group>"; };
		82F61EA12AB9CC5E00B45DB8 /* PortfolioDataService.swift */ = {isa = PBXFileReference; lastKnownFileType = sourcecode.swift; path = PortfolioDataService.swift; sourceTree = "<group>"; };
		82FC184E28C8A221009C3908 /* PortfolioView.swift */ = {isa = PBXFileReference; lastKnownFileType = sourcecode.swift; path = PortfolioView.swift; sourceTree = "<group>"; };
		82FC185028C8A987009C3908 /* XMarkButton.swift */ = {isa = PBXFileReference; lastKnownFileType = sourcecode.swift; path = XMarkButton.swift; sourceTree = "<group>"; };
/* End PBXFileReference section */

/* Begin PBXFrameworksBuildPhase section */
		82C1A883289928AB00ADF58A /* Frameworks */ = {
			isa = PBXFrameworksBuildPhase;
			buildActionMask = 2147483647;
			files = (
			);
			runOnlyForDeploymentPostprocessing = 0;
		};
/* End PBXFrameworksBuildPhase section */

/* Begin PBXGroup section */
		8267306D28993BE200400FAA /* Core */ = {
			isa = PBXGroup;
			children = (
				828DCEA22AB083AE00937D2A /* Launch */,
				82C1A8E12899310E00ADF58A /* Color.swift */,
				8267307328993D6D00400FAA /* Components */,
				8267306E28993BF400400FAA /* Home */,
			);
			path = Core;
			sourceTree = "<group>";
		};
		8267306E28993BF400400FAA /* Home */ = {
			isa = PBXGroup;
			children = (
				82B25A142AB302900086715C /* Detail */,
				82FC185028C8A987009C3908 /* XMarkButton.swift */,
				8267307028993C0600400FAA /* ViewModels */,
				8267306F28993BFD00400FAA /* Views */,
			);
			path = Home;
			sourceTree = "<group>";
		};
		8267306F28993BFD00400FAA /* Views */ = {
			isa = PBXGroup;
			children = (
				8267307128993C2700400FAA /* HomeView.swift */,
				827C9FBA28996AFF0009FD32 /* CoinRowView.swift */,
				823408D928C7607D00CDE497 /* HomeStatsView.swift */,
				82FC184E28C8A221009C3908 /* PortfolioView.swift */,
			);
			path = Views;
			sourceTree = "<group>";
		};
		8267307028993C0600400FAA /* ViewModels */ = {
			isa = PBXGroup;
			children = (
				82E2021A289A5CA40023C99A /* HomeViewModel.swift */,
			);
			path = ViewModels;
			sourceTree = "<group>";
		};
		8267307328993D6D00400FAA /* Components */ = {
			isa = PBXGroup;
			children = (
				82E63356289A97C1004E4E42 /* CoinImage */,
				8267307428993D8E00400FAA /* CircleButton */,
				82D7E74B28BE1663005A6999 /* SearchBarView.swift */,
				823408D728C7576B00CDE497 /* StatisticView.swift */,
			);
			path = Components;
			sourceTree = "<group>";
		};
		8267307428993D8E00400FAA /* CircleButton */ = {
			isa = PBXGroup;
			children = (
				8267307528993DB000400FAA /* CircleButtonView.swift */,
				827C9FAC2899499E0009FD32 /* CircleButtonAnimationView.swift */,
			);
			path = CircleButton;
			sourceTree = "<group>";
		};
		827635BA289A7AA9009D1B77 /* Utilities */ = {
			isa = PBXGroup;
			children = (
				827635B8289A7943009D1B77 /* NetworkManager.swift */,
				82E6335D289ABB33004E4E42 /* LocalFileManager.swift */,
			);
			path = Utilities;
			sourceTree = "<group>";
		};
		827C9FAE28994EE20009FD32 /* Models */ = {
			isa = PBXGroup;
			children = (
				827C9FAF28994EE20009FD32 /* CoinModel.swift */,
				827C9FB028994EE20009FD32 /* MarketDataModel.swift */,
				827C9FB128994EE20009FD32 /* PortfolioContainer.xcdatamodeld */,
				827C9FB328994EE20009FD32 /* StatisticModel.swift */,
				827C9FB428994EE20009FD32 /* CoinDetailModel.swift */,
			);
			path = Models;
			sourceTree = "<group>";
		};
		828DCEA22AB083AE00937D2A /* Launch */ = {
			isa = PBXGroup;
			children = (
				828DCEA32AB083B800937D2A /* Views */,
			);
			path = Launch;
			sourceTree = "<group>";
		};
		828DCEA32AB083B800937D2A /* Views */ = {
			isa = PBXGroup;
			children = (
				828DCEA42AB083E000937D2A /* Launch Screen.storyboard */,
				828DCEA62AB0901B00937D2A /* LaunchView.swift */,
			);
			path = Views;
			sourceTree = "<group>";
		};
		82B25A142AB302900086715C /* Detail */ = {
			isa = PBXGroup;
			children = (
				82B25A162AB302A70086715C /* View */,
				82B25A152AB3029E0086715C /* ViewModels */,
			);
			path = Detail;
			sourceTree = "<group>";
		};
		82B25A152AB3029E0086715C /* ViewModels */ = {
			isa = PBXGroup;
			children = (
				82B25A192AB332F60086715C /* DetailViewModel.swift */,
			);
			path = ViewModels;
			sourceTree = "<group>";
		};
		82B25A162AB302A70086715C /* View */ = {
			isa = PBXGroup;
			children = (
				82B25A172AB3080F0086715C /* DetailView.swift */,
				82BDD8882AB8932B007C8EDA /* ChartView.swift */,
			);
			path = View;
			sourceTree = "<group>";
		};
		82C1A87D289928AB00ADF58A = {
			isa = PBXGroup;
			children = (
				82C1A888289928AB00ADF58A /* SwiftCryptoTracker */,
				82C1A887289928AB00ADF58A /* Products */,
			);
			sourceTree = "<group>";
		};
		82C1A887289928AB00ADF58A /* Products */ = {
			isa = PBXGroup;
			children = (
				82C1A886289928AB00ADF58A /* SwiftCryptoTracker.app */,
			);
			name = Products;
			sourceTree = "<group>";
		};
		82C1A888289928AB00ADF58A /* SwiftCryptoTracker */ = {
			isa = PBXGroup;
			children = (
				828DCEA12AB0786800937D2A /* Info.plist */,
				82C1A889289928AB00ADF58A /* SwiftCryptoTrackerApp.swift */,
				827635BA289A7AA9009D1B77 /* Utilities */,
				82E2021C289A68D00023C99A /* Services */,
				827C9FAE28994EE20009FD32 /* Models */,
				82C1A8E0289930E400ADF58A /* Extensions */,
				8267306D28993BE200400FAA /* Core */,
				82C1A88B289928AB00ADF58A /* ContentView.swift */,
				82C1A8D728992E0D00ADF58A /* Contents.json */,
				82C1A8DD289930B000ADF58A /* Assets.xcassets */,
				82C1A88F289928AC00ADF58A /* Preview Content */,
			);
			path = SwiftCryptoTracker;
			sourceTree = "<group>";
		};
		82C1A88F289928AC00ADF58A /* Preview Content */ = {
			isa = PBXGroup;
			children = (
				82C1A890289928AC00ADF58A /* Preview Assets.xcassets */,
			);
			path = "Preview Content";
			sourceTree = "<group>";
		};
		82C1A8E0289930E400ADF58A /* Extensions */ = {
			isa = PBXGroup;
			children = (
				827C9FBC28996BDE0009FD32 /* PreviewProvider.swift */,
				827C9FBE289972580009FD32 /* Double.swift */,
				82F61E9F2AB9B0FF00B45DB8 /* Date.swift */,
			);
			path = Extensions;
			sourceTree = "<group>";
		};
		82E2021C289A68D00023C99A /* Services */ = {
			isa = PBXGroup;
			children = (
				82E2021D289A68FC0023C99A /* CoinDataService.swift */,
				82E63359289AAF35004E4E42 /* CoinImageService.swift */,
				823408DB28C770ED00CDE497 /* MarketDataService.swift */,
				82B25A1B2AB3332E0086715C /* CoinDetailService.swift */,
				82F61EA12AB9CC5E00B45DB8 /* PortfolioDataService.swift */,
			);
			path = Services;
			sourceTree = "<group>";
		};
		82E63356289A97C1004E4E42 /* CoinImage */ = {
			isa = PBXGroup;
			children = (
				82E63357289A97F6004E4E42 /* CoinImageView.swift */,
				82E6335B289AB321004E4E42 /* CoinImageViewModel.swift */,
				82BD573A28CF510F0059981E /* CoinLogoView.swift */,
			);
			path = CoinImage;
			sourceTree = "<group>";
		};
/* End PBXGroup section */

/* Begin PBXNativeTarget section */
		82C1A885289928AB00ADF58A /* SwiftCryptoTracker */ = {
			isa = PBXNativeTarget;
			buildConfigurationList = 82C1A894289928AC00ADF58A /* Build configuration list for PBXNativeTarget "SwiftCryptoTracker" */;
			buildPhases = (
				82C1A882289928AB00ADF58A /* Sources */,
				82C1A883289928AB00ADF58A /* Frameworks */,
				82C1A884289928AB00ADF58A /* Resources */,
			);
			buildRules = (
			);
			dependencies = (
			);
			name = SwiftCryptoTracker;
			productName = SwiftCryptoTracker;
			productReference = 82C1A886289928AB00ADF58A /* SwiftCryptoTracker.app */;
			productType = "com.apple.product-type.application";
		};
/* End PBXNativeTarget section */

/* Begin PBXProject section */
		82C1A87E289928AB00ADF58A /* Project object */ = {
			isa = PBXProject;
			attributes = {
				BuildIndependentTargetsInParallel = 1;
				LastSwiftUpdateCheck = 1400;
				LastUpgradeCheck = 1400;
				TargetAttributes = {
					82C1A885289928AB00ADF58A = {
						CreatedOnToolsVersion = 14.0;
					};
				};
			};
			buildConfigurationList = 82C1A881289928AB00ADF58A /* Build configuration list for PBXProject "SwiftCryptoTracker" */;
			compatibilityVersion = "Xcode 14.0";
			developmentRegion = en;
			hasScannedForEncodings = 0;
			knownRegions = (
				en,
				Base,
			);
			mainGroup = 82C1A87D289928AB00ADF58A;
			productRefGroup = 82C1A887289928AB00ADF58A /* Products */;
			projectDirPath = "";
			projectRoot = "";
			targets = (
				82C1A885289928AB00ADF58A /* SwiftCryptoTracker */,
			);
		};
/* End PBXProject section */

/* Begin PBXResourcesBuildPhase section */
		82C1A884289928AB00ADF58A /* Resources */ = {
			isa = PBXResourcesBuildPhase;
			buildActionMask = 2147483647;
			files = (
				82C1A891289928AC00ADF58A /* Preview Assets.xcassets in Resources */,
				82C1A8DE289930B000ADF58A /* Assets.xcassets in Resources */,
				828DCEA52AB083E000937D2A /* Launch Screen.storyboard in Resources */,
				82C1A8D828992E0D00ADF58A /* Contents.json in Resources */,
			);
			runOnlyForDeploymentPostprocessing = 0;
		};
/* End PBXResourcesBuildPhase section */

/* Begin PBXSourcesBuildPhase section */
		82C1A882289928AB00ADF58A /* Sources */ = {
			isa = PBXSourcesBuildPhase;
			buildActionMask = 2147483647;
			files = (
				827C9FBB28996AFF0009FD32 /* CoinRowView.swift in Sources */,
				827C9FB828994EE20009FD32 /* StatisticModel.swift in Sources */,
				82C1A88C289928AB00ADF58A /* ContentView.swift in Sources */,
				8267307228993C2700400FAA /* HomeView.swift in Sources */,
				82E2021E289A68FC0023C99A /* CoinDataService.swift in Sources */,
				823408DC28C770ED00CDE497 /* MarketDataService.swift in Sources */,
				82BD573B28CF510F0059981E /* CoinLogoView.swift in Sources */,
				82E63358289A97F6004E4E42 /* CoinImageView.swift in Sources */,
				82C1A88A289928AB00ADF58A /* SwiftCryptoTrackerApp.swift in Sources */,
				8267307628993DB000400FAA /* CircleButtonView.swift in Sources */,
				827C9FBF289972580009FD32 /* Double.swift in Sources */,
				82C1A8E22899310E00ADF58A /* Color.swift in Sources */,
				827C9FB728994EE20009FD32 /* PortfolioContainer.xcdatamodeld in Sources */,
				82B25A1A2AB332F60086715C /* DetailViewModel.swift in Sources */,
				82B25A182AB3080F0086715C /* DetailView.swift in Sources */,
				827635B9289A7944009D1B77 /* NetworkManager.swift in Sources */,
				828DCEA72AB0901B00937D2A /* LaunchView.swift in Sources */,
				82E6335A289AAF35004E4E42 /* CoinImageService.swift in Sources */,
				82FC185128C8A987009C3908 /* XMarkButton.swift in Sources */,
				827C9FB928994EE20009FD32 /* CoinDetailModel.swift in Sources */,
				823408D828C7576B00CDE497 /* StatisticView.swift in Sources */,
				827C9FAD2899499E0009FD32 /* CircleButtonAnimationView.swift in Sources */,
				82E6335C289AB321004E4E42 /* CoinImageViewModel.swift in Sources */,
				82F61EA02AB9B0FF00B45DB8 /* Date.swift in Sources */,
				823408DA28C7607D00CDE497 /* HomeStatsView.swift in Sources */,
				82F61EA22AB9CC5E00B45DB8 /* PortfolioDataService.swift in Sources */,
				827C9FB528994EE20009FD32 /* CoinModel.swift in Sources */,
				827C9FB628994EE20009FD32 /* MarketDataModel.swift in Sources */,
				82D7E74C28BE1663005A6999 /* SearchBarView.swift in Sources */,
				82E2021B289A5CA40023C99A /* HomeViewModel.swift in Sources */,
				827C9FBD28996BDE0009FD32 /* PreviewProvider.swift in Sources */,
				82BDD8892AB8932B007C8EDA /* ChartView.swift in Sources */,
				82E6335E289ABB33004E4E42 /* LocalFileManager.swift in Sources */,
				82FC184F28C8A221009C3908 /* PortfolioView.swift in Sources */,
				82B25A1C2AB3332E0086715C /* CoinDetailService.swift in Sources */,
			);
			runOnlyForDeploymentPostprocessing = 0;
		};
/* End PBXSourcesBuildPhase section */

/* Begin XCBuildConfiguration section */
		82C1A892289928AC00ADF58A /* Debug */ = {
			isa = XCBuildConfiguration;
			buildSettings = {
				ALWAYS_SEARCH_USER_PATHS = NO;
				CLANG_ANALYZER_NONNULL = YES;
				CLANG_ANALYZER_NUMBER_OBJECT_CONVERSION = YES_AGGRESSIVE;
				CLANG_CXX_LANGUAGE_STANDARD = "gnu++17";
				CLANG_ENABLE_MODULES = YES;
				CLANG_ENABLE_OBJC_ARC = YES;
				CLANG_ENABLE_OBJC_WEAK = YES;
				CLANG_WARN_BLOCK_CAPTURE_AUTORELEASING = YES;
				CLANG_WARN_BOOL_CONVERSION = YES;
				CLANG_WARN_COMMA = YES;
				CLANG_WARN_CONSTANT_CONVERSION = YES;
				CLANG_WARN_DEPRECATED_OBJC_IMPLEMENTATIONS = YES;
				CLANG_WARN_DIRECT_OBJC_ISA_USAGE = YES_ERROR;
				CLANG_WARN_DOCUMENTATION_COMMENTS = YES;
				CLANG_WARN_EMPTY_BODY = YES;
				CLANG_WARN_ENUM_CONVERSION = YES;
				CLANG_WARN_INFINITE_RECURSION = YES;
				CLANG_WARN_INT_CONVERSION = YES;
				CLANG_WARN_NON_LITERAL_NULL_CONVERSION = YES;
				CLANG_WARN_OBJC_IMPLICIT_RETAIN_SELF = YES;
				CLANG_WARN_OBJC_LITERAL_CONVERSION = YES;
				CLANG_WARN_OBJC_ROOT_CLASS = YES_ERROR;
				CLANG_WARN_QUOTED_INCLUDE_IN_FRAMEWORK_HEADER = YES;
				CLANG_WARN_RANGE_LOOP_ANALYSIS = YES;
				CLANG_WARN_STRICT_PROTOTYPES = YES;
				CLANG_WARN_SUSPICIOUS_MOVE = YES;
				CLANG_WARN_UNGUARDED_AVAILABILITY = YES_AGGRESSIVE;
				CLANG_WARN_UNREACHABLE_CODE = YES;
				CLANG_WARN__DUPLICATE_METHOD_MATCH = YES;
				COPY_PHASE_STRIP = NO;
				DEBUG_INFORMATION_FORMAT = dwarf;
				ENABLE_STRICT_OBJC_MSGSEND = YES;
				ENABLE_TESTABILITY = YES;
				GCC_C_LANGUAGE_STANDARD = gnu11;
				GCC_DYNAMIC_NO_PIC = NO;
				GCC_NO_COMMON_BLOCKS = YES;
				GCC_OPTIMIZATION_LEVEL = 0;
				GCC_PREPROCESSOR_DEFINITIONS = (
					"DEBUG=1",
					"$(inherited)",
				);
				GCC_WARN_64_TO_32_BIT_CONVERSION = YES;
				GCC_WARN_ABOUT_RETURN_TYPE = YES_ERROR;
				GCC_WARN_UNDECLARED_SELECTOR = YES;
				GCC_WARN_UNINITIALIZED_AUTOS = YES_AGGRESSIVE;
				GCC_WARN_UNUSED_FUNCTION = YES;
				GCC_WARN_UNUSED_VARIABLE = YES;
				IPHONEOS_DEPLOYMENT_TARGET = 16.0;
				MTL_ENABLE_DEBUG_INFO = INCLUDE_SOURCE;
				MTL_FAST_MATH = YES;
				ONLY_ACTIVE_ARCH = YES;
				SDKROOT = iphoneos;
				SWIFT_ACTIVE_COMPILATION_CONDITIONS = DEBUG;
				SWIFT_OPTIMIZATION_LEVEL = "-Onone";
			};
			name = Debug;
		};
		82C1A893289928AC00ADF58A /* Release */ = {
			isa = XCBuildConfiguration;
			buildSettings = {
				ALWAYS_SEARCH_USER_PATHS = NO;
				CLANG_ANALYZER_NONNULL = YES;
				CLANG_ANALYZER_NUMBER_OBJECT_CONVERSION = YES_AGGRESSIVE;
				CLANG_CXX_LANGUAGE_STANDARD = "gnu++17";
				CLANG_ENABLE_MODULES = YES;
				CLANG_ENABLE_OBJC_ARC = YES;
				CLANG_ENABLE_OBJC_WEAK = YES;
				CLANG_WARN_BLOCK_CAPTURE_AUTORELEASING = YES;
				CLANG_WARN_BOOL_CONVERSION = YES;
				CLANG_WARN_COMMA = YES;
				CLANG_WARN_CONSTANT_CONVERSION = YES;
				CLANG_WARN_DEPRECATED_OBJC_IMPLEMENTATIONS = YES;
				CLANG_WARN_DIRECT_OBJC_ISA_USAGE = YES_ERROR;
				CLANG_WARN_DOCUMENTATION_COMMENTS = YES;
				CLANG_WARN_EMPTY_BODY = YES;
				CLANG_WARN_ENUM_CONVERSION = YES;
				CLANG_WARN_INFINITE_RECURSION = YES;
				CLANG_WARN_INT_CONVERSION = YES;
				CLANG_WARN_NON_LITERAL_NULL_CONVERSION = YES;
				CLANG_WARN_OBJC_IMPLICIT_RETAIN_SELF = YES;
				CLANG_WARN_OBJC_LITERAL_CONVERSION = YES;
				CLANG_WARN_OBJC_ROOT_CLASS = YES_ERROR;
				CLANG_WARN_QUOTED_INCLUDE_IN_FRAMEWORK_HEADER = YES;
				CLANG_WARN_RANGE_LOOP_ANALYSIS = YES;
				CLANG_WARN_STRICT_PROTOTYPES = YES;
				CLANG_WARN_SUSPICIOUS_MOVE = YES;
				CLANG_WARN_UNGUARDED_AVAILABILITY = YES_AGGRESSIVE;
				CLANG_WARN_UNREACHABLE_CODE = YES;
				CLANG_WARN__DUPLICATE_METHOD_MATCH = YES;
				COPY_PHASE_STRIP = NO;
				DEBUG_INFORMATION_FORMAT = "dwarf-with-dsym";
				ENABLE_NS_ASSERTIONS = NO;
				ENABLE_STRICT_OBJC_MSGSEND = YES;
				GCC_C_LANGUAGE_STANDARD = gnu11;
				GCC_NO_COMMON_BLOCKS = YES;
				GCC_WARN_64_TO_32_BIT_CONVERSION = YES;
				GCC_WARN_ABOUT_RETURN_TYPE = YES_ERROR;
				GCC_WARN_UNDECLARED_SELECTOR = YES;
				GCC_WARN_UNINITIALIZED_AUTOS = YES_AGGRESSIVE;
				GCC_WARN_UNUSED_FUNCTION = YES;
				GCC_WARN_UNUSED_VARIABLE = YES;
				IPHONEOS_DEPLOYMENT_TARGET = 16.0;
				MTL_ENABLE_DEBUG_INFO = NO;
				MTL_FAST_MATH = YES;
				SDKROOT = iphoneos;
				SWIFT_COMPILATION_MODE = wholemodule;
				SWIFT_OPTIMIZATION_LEVEL = "-O";
				VALIDATE_PRODUCT = YES;
			};
			name = Release;
		};
		82C1A895289928AC00ADF58A /* Debug */ = {
			isa = XCBuildConfiguration;
			buildSettings = {
				ASSETCATALOG_COMPILER_APPICON_NAME = AppIcon;
				ASSETCATALOG_COMPILER_GLOBAL_ACCENT_COLOR_NAME = AccentColor;
				CODE_SIGN_STYLE = Automatic;
				CURRENT_PROJECT_VERSION = 1;
				DEVELOPMENT_ASSET_PATHS = "\"SwiftCryptoTracker/Preview Content\"";
				ENABLE_PREVIEWS = YES;
				GENERATE_INFOPLIST_FILE = YES;
				INFOPLIST_FILE = SwiftCryptoTracker/Info.plist;
				INFOPLIST_KEY_CFBundleDisplayName = "Crypto Tracker";
				INFOPLIST_KEY_UIApplicationSceneManifest_Generation = YES;
				INFOPLIST_KEY_UIApplicationSupportsIndirectInputEvents = YES;
				INFOPLIST_KEY_UILaunchStoryboardName = "Launch Screen.storyboard";
				INFOPLIST_KEY_UISupportedInterfaceOrientations = UIInterfaceOrientationPortrait;
				IPHONEOS_DEPLOYMENT_TARGET = 15.0;
				LD_RUNPATH_SEARCH_PATHS = (
					"$(inherited)",
					"@executable_path/Frameworks",
				);
				MARKETING_VERSION = 1.0;
				PRODUCT_BUNDLE_IDENTIFIER = com.peterdelgado.SwiftCryptoTracker;
				PRODUCT_NAME = "$(TARGET_NAME)";
				SUPPORTED_PLATFORMS = "iphoneos iphonesimulator";
				SUPPORTS_MACCATALYST = NO;
				SUPPORTS_MAC_DESIGNED_FOR_IPHONE_IPAD = NO;
				SWIFT_EMIT_LOC_STRINGS = YES;
				SWIFT_VERSION = 5.0;
				TARGETED_DEVICE_FAMILY = 1;
			};
			name = Debug;
		};
		82C1A896289928AC00ADF58A /* Release */ = {
			isa = XCBuildConfiguration;
			buildSettings = {
				ASSETCATALOG_COMPILER_APPICON_NAME = AppIcon;
				ASSETCATALOG_COMPILER_GLOBAL_ACCENT_COLOR_NAME = AccentColor;
				CODE_SIGN_STYLE = Automatic;
				CURRENT_PROJECT_VERSION = 1;
				DEVELOPMENT_ASSET_PATHS = "\"SwiftCryptoTracker/Preview Content\"";
				ENABLE_PREVIEWS = YES;
				GENERATE_INFOPLIST_FILE = YES;
				INFOPLIST_FILE = SwiftCryptoTracker/Info.plist;
				INFOPLIST_KEY_CFBundleDisplayName = "Crypto Tracker";
				INFOPLIST_KEY_UIApplicationSceneManifest_Generation = YES;
				INFOPLIST_KEY_UIApplicationSupportsIndirectInputEvents = YES;
				INFOPLIST_KEY_UILaunchStoryboardName = "Launch Screen.storyboard";
				INFOPLIST_KEY_UISupportedInterfaceOrientations = UIInterfaceOrientationPortrait;
				IPHONEOS_DEPLOYMENT_TARGET = 15.0;
				LD_RUNPATH_SEARCH_PATHS = (
					"$(inherited)",
					"@executable_path/Frameworks",
				);
				MARKETING_VERSION = 1.0;
				PRODUCT_BUNDLE_IDENTIFIER = com.peterdelgado.SwiftCryptoTracker;
				PRODUCT_NAME = "$(TARGET_NAME)";
				SUPPORTED_PLATFORMS = "iphoneos iphonesimulator";
				SUPPORTS_MACCATALYST = NO;
				SUPPORTS_MAC_DESIGNED_FOR_IPHONE_IPAD = NO;
				SWIFT_EMIT_LOC_STRINGS = YES;
				SWIFT_VERSION = 5.0;
				TARGETED_DEVICE_FAMILY = 1;
			};
			name = Release;
		};
/* End XCBuildConfiguration section */

/* Begin XCConfigurationList section */
		82C1A881289928AB00ADF58A /* Build configuration list for PBXProject "SwiftCryptoTracker" */ = {
			isa = XCConfigurationList;
			buildConfigurations = (
				82C1A892289928AC00ADF58A /* Debug */,
				82C1A893289928AC00ADF58A /* Release */,
			);
			defaultConfigurationIsVisible = 0;
			defaultConfigurationName = Release;
		};
		82C1A894289928AC00ADF58A /* Build configuration list for PBXNativeTarget "SwiftCryptoTracker" */ = {
			isa = XCConfigurationList;
			buildConfigurations = (
				82C1A895289928AC00ADF58A /* Debug */,
				82C1A896289928AC00ADF58A /* Release */,
			);
			defaultConfigurationIsVisible = 0;
			defaultConfigurationName = Release;
		};
/* End XCConfigurationList section */

/* Begin XCVersionGroup section */
		827C9FB128994EE20009FD32 /* PortfolioContainer.xcdatamodeld */ = {
			isa = XCVersionGroup;
			children = (
				827C9FB228994EE20009FD32 /* PortfolioContainer.xcdatamodel */,
			);
			currentVersion = 827C9FB228994EE20009FD32 /* PortfolioContainer.xcdatamodel */;
			path = PortfolioContainer.xcdatamodeld;
			sourceTree = "<group>";
			versionGroupType = wrapper.xcdatamodel;
		};
/* End XCVersionGroup section */
	};
	rootObject = 82C1A87E289928AB00ADF58A /* Project object */;
}
